# This file is generated by running "yarn install" inside your project.
# Manual changes might be lost - proceed with caution!

__metadata:
  version: 8
  cacheKey: 10c0

"@turbo/darwin-64@npm:2.9.5":
  version: 2.9.5
  resolution: "@turbo/darwin-64@npm:2.9.5"
  conditions: os=darwin & cpu=x64
  languageName: node
  linkType: hard

"@turbo/darwin-arm64@npm:2.9.5":
  version: 2.9.5
  resolution: "@turbo/darwin-arm64@npm:2.9.5"
  conditions: os=darwin & cpu=arm64
  languageName: node
  linkType: hard

"@turbo/linux-64@npm:2.9.5":
  version: 2.9.5
  resolution: "@turbo/linux-64@npm:2.9.5"
  conditions: os=linux & cpu=x64
  languageName: node
  linkType: hard

"@turbo/linux-arm64@npm:2.9.5":
  version: 2.9.5
  resolution: "@turbo/linux-arm64@npm:2.9.5"
  conditions: os=linux & cpu=arm64
  languageName: node
  linkType: hard

"@turbo/windows-64@npm:2.9.5":
  version: 2.9.5
  resolution: "@turbo/windows-64@npm:2.9.5"
  conditions: os=win32 & cpu=x64
  languageName: node
  linkType: hard

"@turbo/windows-arm64@npm:2.9.5":
  version: 2.9.5
  resolution: "@turbo/windows-arm64@npm:2.9.5"
  conditions: os=win32 & cpu=arm64
  languageName: node
  linkType: hard

"agent-native-monorepo@workspace:.":
  version: 0.0.0-use.local
  resolution: "agent-native-monorepo@workspace:."
  dependencies:
    turbo: "npm:^2.5.0"
  languageName: unknown
  linkType: soft

"turbo@npm:^2.5.0":
  version: 2.9.5
  resolution: "turbo@npm:2.9.5"
  dependencies:
    "@turbo/darwin-64": "npm:2.9.5"
    "@turbo/darwin-arm64": "npm:2.9.5"
    "@turbo/linux-64": "npm:2.9.5"
    "@turbo/linux-arm64": "npm:2.9.5"
    "@turbo/windows-64": "npm:2.9.5"
    "@turbo/windows-arm64": "npm:2.9.5"
  dependenciesMeta:
    "@turbo/darwin-64":
      optional: true
    "@turbo/darwin-arm64":
      optional: true
    "@turbo/linux-64":
      optional: true
    "@turbo/linux-arm64":
      optional: true
    "@turbo/windows-64":
      optional: true
    "@turbo/windows-arm64":
      optional: true
  bin:
    turbo: bin/turbo
  checksum: 10c0/24719239927d8a662d2935c411965210618c40e5707c98699569186b525ad186cad1a22c5968e845f1b5a2ed7251c8f08a9a9dfe891f2e787042b8e951dc5482
  languageName: node
  linkType: hard
